
Microsoft Visual Studio Solution File, Format Version 12.00
# Visual Studio 15
VisualStudioVersion = 15.0.27130.2027
MinimumVisualStudioVersion = 10.0.40219.1
Project("{8BC9CEB8-8B4A-11D0-8D11-00A0C91BC942}") = "C++ Grade 9 project", "C++ Grade 9 project.vcxproj", "{F9F74972-2407-4C8B-AD7F-C2C311CC77CD}"
EndProject
Project("{8BC9CEB8-8B4A-11D0-8D11-00A0C91BC942}") = "Testing", "..\Testing\Testing.vcxproj", "{A7D22F03-B610-4B36-8EDE-EE56A6AA7BF6}"
EndProject
Project("{8BC9CEB8-8B4A-11D0-8D11-00A0C91BC942}") = "Bomb", "..\Bomb\Bomb.vcxproj", "{5B77F87F-2EB6-42FA-98B7-C2AF83435F48}"
EndProject
Global
	GlobalSection(SolutionConfigurationPlatforms) = preSolution
		Debug|x64 = Debug|x64
		Debug|x86 = Debug|x86
		Release|x64 = Release|x64
		Release|x86 = Release|x86
	EndGlobalSection
	GlobalSection(ProjectConfigurationPlatforms) = postSolution
		{F9F74972-2407-4C8B-AD7F-C2C311CC77CD}.Debug|x64.ActiveCfg = Debug|x64
		{F9F74972-2407-4C8B-AD7F-C2C311CC77CD}.Debug|x64.Build.0 = Debug|x64
		{F9F74972-2407-4C8B-AD7F-C2C311CC77CD}.Debug|x86.ActiveCfg = Debug|Win32
		{F9F74972-2407-4C8B-AD7F-C2C311CC77CD}.Debug|x86.Build.0 = Debug|Win32
		{F9F74972-2407-4C8B-AD7F-C2C311CC77CD}.Release|x64.ActiveCfg = Release|x64
		{F9F74972-2407-4C8B-AD7F-C2C311CC77CD}.Release|x64.Build.0 = Release|x64
		{F9F74972-2407-4C8B-AD7F-C2C311CC77CD}.Release|x86.ActiveCfg = Release|Win32
		{F9F74972-2407-4C8B-AD7F-C2C311CC77CD}.Release|x86.Build.0 = Release|Win32
		{A7D22F03-B610-4B36-8EDE-EE56A6AA7BF6}.Debug|x64.ActiveCfg = Debug|x64
		{A7D22F03-B610-4B36-8EDE-EE56A6AA7BF6}.Debug|x64.Build.0 = Debug|x64
		{A7D22F03-B610-4B36-8EDE-EE56A6AA7BF6}.Debug|x86.ActiveCfg = Debug|Win32
		{A7D22F03-B610-4B36-8EDE-EE56A6AA7BF6}.Debug|x86.Build.0 = Debug|Win32
		{A7D22F03-B610-4B36-8EDE-EE56A6AA7BF6}.Release|x64.ActiveCfg = Release|x64
		{A7D22F03-B610-4B36-8EDE-EE56A6AA7BF6}.Release|x64.Build.0 = Release|x64
		{A7D22F03-B610-4B36-8EDE-EE56A6AA7BF6}.Release|x86.ActiveCfg = Release|Win32
		{A7D22F03-B610-4B36-8EDE-EE56A6AA7BF6}.Release|x86.Build.0 = Release|Win32
		{5B77F87F-2EB6-42FA-98B7-C2AF83435F48}.Debug|x64.ActiveCfg = Debug|x64
		{5B77F87F-2EB6-42FA-98B7-C2AF83435F48}.Debug|x64.Build.0 = Debug|x64
		{5B77F87F-2EB6-42FA-98B7-C2AF83435F48}.Debug|x86.ActiveCfg = Debug|Win32
		{5B77F87F-2EB6-42FA-98B7-C2AF83435F48}.Debug|x86.Build.0 = Debug|Win32
		{5B77F87F-2EB6-42FA-98B7-C2AF83435F48}.Release|x64.ActiveCfg = Release|x64
		{5B77F87F-2EB6-42FA-98B7-C2AF83435F48}.Release|x64.Build.0 = Release|x64
		{5B77F87F-2EB6-42FA-98B7-C2AF83435F48}.Release|x86.ActiveCfg = Release|Win32
		{5B77F87F-2EB6-42FA-98B7-C2AF83435F48}.Release|x86.Build.0 = Release|Win32
	EndGlobalSection
	GlobalSection(SolutionProperties) = preSolution
		HideSolutionNode = FALSE
	EndGlobalSection
	GlobalSection(ExtensibilityGlobals) = postSolution
		SolutionGuid = {D7B33BB5-4D5E-4ADA-BA3D-66D6FDC8307B}
	EndGlobalSection
EndGlobal
